
Microsoft Visual Studio Solution File, Format Version 12.00
Project("{FAE04EC0-301F-11D3-BF4B-00C04F79EFBC}") = "Runner", "Runner.csproj", "{31686AC5-0EB5-4AC3-9346-F39596281D2C}"
EndProject
Global
	GlobalSection(SolutionConfigurationPlatforms) = preSolution
		Debug|Any CPU = Debug|Any CPU
		Release|Any CPU = Release|Any CPU
	EndGlobalSection
	GlobalSection(ProjectConfigurationPlatforms) = postSolution
		{31686AC5-0EB5-4AC3-9346-F39596281D2C}.Debug|Any CPU.ActiveCfg = Debug|Any CPU
		{31686AC5-0EB5-4AC3-9346-F39596281D2C}.Debug|Any CPU.Build.0 = Debug|Any CPU
		{31686AC5-0EB5-4AC3-9346-F39596281D2C}.Release|Any CPU.ActiveCfg = Release|Any CPU
		{31686AC5-0EB5-4AC3-9346-F39596281D2C}.Release|Any CPU.Build.0 = Release|Any CPU
	EndGlobalSection
EndGlobal
