
Microsoft Visual Studio Solution File, Format Version 12.00
Project("{FAE04EC0-301F-11D3-BF4B-00C04F79EFBC}") = "OSOL.Extremum.Core.DotNet", "OSOL.Extremum.Core.DotNet\OSOL.Extremum.Core.DotNet.csproj", "{C2F3D32D-EA8D-48A5-8E92-17D29B0B0BDB}"
EndProject
Global
	GlobalSection(SolutionConfigurationPlatforms) = preSolution
		Debug|Any CPU = Debug|Any CPU
		Release|Any CPU = Release|Any CPU
	EndGlobalSection
	GlobalSection(ProjectConfigurationPlatforms) = postSolution
		{C2F3D32D-EA8D-48A5-8E92-17D29B0B0BDB}.Debug|Any CPU.ActiveCfg = Debug|Any CPU
		{C2F3D32D-EA8D-48A5-8E92-17D29B0B0BDB}.Debug|Any CPU.Build.0 = Debug|Any CPU
		{C2F3D32D-EA8D-48A5-8E92-17D29B0B0BDB}.Release|Any CPU.ActiveCfg = Release|Any CPU
		{C2F3D32D-EA8D-48A5-8E92-17D29B0B0BDB}.Release|Any CPU.Build.0 = Release|Any CPU
	EndGlobalSection
EndGlobal
